{
  "name": "se-deadlines",
  "version": "1.0.0",
  "lockfileVersion": 3,
  "requires": true,
  "packages": {
    "": {
      "name": "se-deadlines",
      "version": "1.0.0",
      "license": "MIT",
      "dependencies": {
        "feed": "5.1.0",
        "github-markdown-css": "5.8.1",
        "js-yaml": "4.1.0",
        "marked": "16.3.0"
      },
      "engines": {
        "node": ">=22"
      }
    },
    "node_modules/argparse": {
      "version": "2.0.1",
      "resolved": "https://registry.npmjs.org/argparse/-/argparse-2.0.1.tgz",
      "integrity": "sha512-8+9WqebbFzpX9OR+Wa6O29asIogeRMzcGtAINdpMHHyAg10f05aSFVBbcEqGf/PXw1EjAZ+q2/bEBg3DvurK3Q==",
      "license": "Python-2.0"
    },
    "node_modules/feed": {
      "version": "5.1.0",
      "resolved": "https://registry.npmjs.org/feed/-/feed-5.1.0.tgz",
      "integrity": "sha512-qGNhgYygnefSkAHHrNHqC7p3R8J0/xQDS/cYUud8er/qD9EFGWyCdUDfULHTJQN1d3H3WprzVwMc9MfB4J50Wg==",
      "license": "MIT",
      "dependencies": {
        "xml-js": "^1.6.11"
      },
      "engines": {
        "node": ">=20",
        "pnpm": ">=10"
      }
    },
    "node_modules/github-markdown-css": {
      "version": "5.8.1",
      "resolved": "https://registry.npmjs.org/github-markdown-css/-/github-markdown-css-5.8.1.tgz",
      "integrity": "sha512-8G+PFvqigBQSWLQjyzgpa2ThD9bo7+kDsriUIidGcRhXgmcaAWUIpCZf8DavJgc+xifjbCG+GvMyWr0XMXmc7g==",
      "license": "MIT",
      "engines": {
        "node": ">=10"
      },
      "funding": {
        "url": "https://github.com/sponsors/sindresorhus"
      }
    },
    "node_modules/js-yaml": {
      "version": "4.1.0",
      "resolved": "https://registry.npmjs.org/js-yaml/-/js-yaml-4.1.0.tgz",
      "integrity": "sha512-wpxZs9NoxZaJESJGIZTyDEaYpl0FKSA+FB9aJiyemKhMwkxQg63h4T1KJgUGHpTqPDNRcmmYLugrRjJlBtWvRA==",
      "license": "MIT",
      "dependencies": {
        "argparse": "^2.0.1"
      },
      "bin": {
        "js-yaml": "bin/js-yaml.js"
      }
    },
    "node_modules/marked": {
      "version": "16.3.0",
      "resolved": "https://registry.npmjs.org/marked/-/marked-16.3.0.tgz",
      "integrity": "sha512-K3UxuKu6l6bmA5FUwYho8CfJBlsUWAooKtdGgMcERSpF7gcBUrCGsLH7wDaaNOzwq18JzSUDyoEb/YsrqMac3w==",
      "license": "MIT",
      "bin": {
        "marked": "bin/marked.js"
      },
      "engines": {
        "node": ">= 20"
      }
    },
    "node_modules/sax": {
      "version": "1.6.0",
      "resolved": "https://registry.npmjs.org/sax/-/sax-1.6.0.tgz",
      "integrity": "sha512-6R3J5M4AcbtLUdZmRv2SygeVaM7IhrLXu9BmnOGmmACak8fiUtOsYNWUS4uK7upbmHIBbLBeFeI//477BKLBzA==",
      "license": "BlueOak-1.0.0",
      "engines": {
        "node": ">=11.0.0"
      }
    },
    "node_modules/xml-js": {
      "version": "1.6.11",
      "resolved": "https://registry.npmjs.org/xml-js/-/xml-js-1.6.11.tgz",
      "integrity": "sha512-7rVi2KMfwfWFl+GpPg6m80IVMWXLRjO+PxTq7V2CDhoGak0wzYzFgUY2m4XJ47OGdXd8eLE8EmwfAmdjw7lC1g==",
      "license": "MIT",
      "dependencies": {
        "sax": "^1.2.4"
      },
      "bin": {
        "xml-js": "bin/cli.js"
      }
    }
  }
}
